
Microsoft Visual Studio Solution File, Format Version 12.00
# Visual Studio Version 17
VisualStudioVersion = 17.10.35122.118
MinimumVisualStudioVersion = 10.0.40219.1
Project("{FAE04EC0-301F-11D3-BF4B-00C04F79EFBC}") = "CustomerApi", "CustomerApi\CustomerApi.csproj", "{47DF869D-E2FD-45CF-B78E-5C4D158408B9}"
EndProject
Global
	GlobalSection(SolutionConfigurationPlatforms) = preSolution
		Debug|Any CPU = Debug|Any CPU
		Release|Any CPU = Release|Any CPU
	EndGlobalSection
	GlobalSection(ProjectConfigurationPlatforms) = postSolution
		{47DF869D-E2FD-45CF-B78E-5C4D158408B9}.Debug|Any CPU.ActiveCfg = Debug|Any CPU
		{47DF869D-E2FD-45CF-B78E-5C4D158408B9}.Debug|Any CPU.Build.0 = Debug|Any CPU
		{47DF869D-E2FD-45CF-B78E-5C4D158408B9}.Release|Any CPU.ActiveCfg = Release|Any CPU
		{47DF869D-E2FD-45CF-B78E-5C4D158408B9}.Release|Any CPU.Build.0 = Release|Any CPU
	EndGlobalSection
	GlobalSection(SolutionProperties) = preSolution
		HideSolutionNode = FALSE
	EndGlobalSection
	GlobalSection(ExtensibilityGlobals) = postSolution
		SolutionGuid = {FBB4FC72-BB15-4BFC-9D18-664CD65DBB68}
	EndGlobalSection
EndGlobal
